// !$*UTF8*$!
{
	archiveVersion = 1;
	classes = {
	};
	objectVersion = 46;
	objects = {

/* Begin PBXBuildFile section */
		520855671F38144A00409642 /* DailyObjectTests.swift in Sources */ = {isa = PBXBuildFile; fileRef = 520855661F38144A00409642 /* DailyObjectTests.swift */; };
		5208F3AC1EDE4C22008F82CC /* Fabric.framework in Frameworks */ = {isa = PBXBuildFile; fileRef = 5208F3AA1EDE4C22008F82CC /* Fabric.framework */; };
		5208F3AD1EDE4C22008F82CC /* Crashlytics.framework in Frameworks */ = {isa = PBXBuildFile; fileRef = 5208F3AB1EDE4C22008F82CC /* Crashlytics.framework */; };
		521806751F40CD170079AFD4 /* DailyObject.swift in Sources */ = {isa = PBXBuildFile; fileRef = 521806741F40CD170079AFD4 /* DailyObject.swift */; };
		521806771F40CD2B0079AFD4 /* WeeklyObject.swift in Sources */ = {isa = PBXBuildFile; fileRef = 521806761F40CD2B0079AFD4 /* WeeklyObject.swift */; };
		521806791F40CDC80079AFD4 /* Event.swift in Sources */ = {isa = PBXBuildFile; fileRef = 521806781F40CDC80079AFD4 /* Event.swift */; };
		521AF7FB1F21902900C8F707 /* UserDefaults+Extensions.swift in Sources */ = {isa = PBXBuildFile; fileRef = 521AF7FA1F21902900C8F707 /* UserDefaults+Extensions.swift */; };
		52223FA91EE123F20014F4A9 /* AppCoordinator.swift in Sources */ = {isa = PBXBuildFile; fileRef = 52223FA81EE123F20014F4A9 /* AppCoordinator.swift */; };
		52223FAB1EE1299B0014F4A9 /* Reusable.framework in Frameworks */ = {isa = PBXBuildFile; fileRef = 52223FAA1EE1299B0014F4A9 /* Reusable.framework */; };
		5232AC6C1F466EA700B72E2F /* GradientBackgroundView.swift in Sources */ = {isa = PBXBuildFile; fileRef = 5232AC6B1F466EA700B72E2F /* GradientBackgroundView.swift */; };
		523ADD221F3B5083005D2830 /* CustomOperators.swift in Sources */ = {isa = PBXBuildFile; fileRef = 523ADD211F3B5083005D2830 /* CustomOperators.swift */; };
		524392FC1F148C4100EEFEA3 /* User.swift in Sources */ = {isa = PBXBuildFile; fileRef = 524392FB1F148C4100EEFEA3 /* User.swift */; };
		52510E921EFCCAEC006F5C97 /* SettingsMapViewController.swift in Sources */ = {isa = PBXBuildFile; fileRef = 52510E911EFCCAEC006F5C97 /* SettingsMapViewController.swift */; };
		52510E941EFCD03E006F5C97 /* MapKit.framework in Frameworks */ = {isa = PBXBuildFile; fileRef = 52510E931EFCD03E006F5C97 /* MapKit.framework */; };
		525A2D391F0615AD00895246 /* CLLocationManager+Extensions.swift in Sources */ = {isa = PBXBuildFile; fileRef = 525A2D381F0615AD00895246 /* CLLocationManager+Extensions.swift */; };
		526799121EE349A500F41E01 /* Settings.storyboard in Resources */ = {isa = PBXBuildFile; fileRef = 526799111EE349A500F41E01 /* Settings.storyboard */; };
		526799141EE3555600F41E01 /* SettingsViewController.swift in Sources */ = {isa = PBXBuildFile; fileRef = 526799131EE3555600F41E01 /* SettingsViewController.swift */; };
		526E50721EF62DD50066F043 /* Analytics.swift in Sources */ = {isa = PBXBuildFile; fileRef = 526E50711EF62DD50066F043 /* Analytics.swift */; };
		526E50741EF6CDBC0066F043 /* Dictionary+Extensions.swift in Sources */ = {isa = PBXBuildFile; fileRef = 526E50731EF6CDBC0066F043 /* Dictionary+Extensions.swift */; };
		526E50761EF6CE3C0066F043 /* CrashReporting.swift in Sources */ = {isa = PBXBuildFile; fileRef = 526E50751EF6CE3C0066F043 /* CrashReporting.swift */; };
		527039351EF8D85B00A0B6BA /* Log.swift in Sources */ = {isa = PBXBuildFile; fileRef = 527039341EF8D85B00A0B6BA /* Log.swift */; };
		5272B78C1F12A62200F003FD /* MapVCDelegate.swift in Sources */ = {isa = PBXBuildFile; fileRef = 5272B78B1F12A62200F003FD /* MapVCDelegate.swift */; };
		5277676C1F4DCA3D00062125 /* UserGettable.swift in Sources */ = {isa = PBXBuildFile; fileRef = 5277676B1F4DCA3D00062125 /* UserGettable.swift */; };
		52802FE41F2853CA009A519B /* PushNotificationManager.swift in Sources */ = {isa = PBXBuildFile; fileRef = 52802FE31F2853CA009A519B /* PushNotificationManager.swift */; };
		52802FE81F285C89009A519B /* LocationDelegate.swift in Sources */ = {isa = PBXBuildFile; fileRef = 52802FE71F285C89009A519B /* LocationDelegate.swift */; };
		5287CA361EDCF91E00E71CE8 /* AppDelegate.swift in Sources */ = {isa = PBXBuildFile; fileRef = 5287CA351EDCF91E00E71CE8 /* AppDelegate.swift */; };
		5287CA381EDCF91E00E71CE8 /* CountdownViewController.swift in Sources */ = {isa = PBXBuildFile; fileRef = 5287CA371EDCF91E00E71CE8 /* CountdownViewController.swift */; };
		5287CA3B1EDCF91E00E71CE8 /* Activity.storyboard in Resources */ = {isa = PBXBuildFile; fileRef = 5287CA391EDCF91E00E71CE8 /* Activity.storyboard */; };
		5287CA3D1EDCF91E00E71CE8 /* Assets.xcassets in Resources */ = {isa = PBXBuildFile; fileRef = 5287CA3C1EDCF91E00E71CE8 /* Assets.xcassets */; };
		5287CA401EDCF91E00E71CE8 /* LaunchScreen.storyboard in Resources */ = {isa = PBXBuildFile; fileRef = 5287CA3E1EDCF91E00E71CE8 /* LaunchScreen.storyboard */; };
		5287CA4D1EDCFB8400E71CE8 /* Realm.framework in Frameworks */ = {isa = PBXBuildFile; fileRef = 5287CA491EDCFA9200E71CE8 /* Realm.framework */; };
		5287CA4E1EDCFB8400E71CE8 /* RealmSwift.framework in Frameworks */ = {isa = PBXBuildFile; fileRef = 5287CA4A1EDCFA9200E71CE8 /* RealmSwift.framework */; };
		5294A1331F4BE79F00DC186A /* HoursPickerViewController.swift in Sources */ = {isa = PBXBuildFile; fileRef = 5294A1321F4BE79F00DC186A /* HoursPickerViewController.swift */; };
		5294A1351F4D3A5500DC186A /* TwoLabelButton.swift in Sources */ = {isa = PBXBuildFile; fileRef = 5294A1341F4D3A5500DC186A /* TwoLabelButton.swift */; };
		52A3754A1F906C2100523431 /* CountdownTableViewCell.swift in Sources */ = {isa = PBXBuildFile; fileRef = 52A375491F906C2100523431 /* CountdownTableViewCell.swift */; };
		52DC082E1EFF109800699A81 /* OnboardingCoordinator.swift in Sources */ = {isa = PBXBuildFile; fileRef = 52DC082D1EFF109800699A81 /* OnboardingCoordinator.swift */; };
		52E1A7261EFB8E1000FBF278 /* WorkHoursPickerDataSource.swift in Sources */ = {isa = PBXBuildFile; fileRef = 52E1A7251EFB8E1000FBF278 /* WorkHoursPickerDataSource.swift */; };
		52E1A7281EFB8FF000FBF278 /* SettingsCoordinator.swift in Sources */ = {isa = PBXBuildFile; fileRef = 52E1A7271EFB8FF000FBF278 /* SettingsCoordinator.swift */; };
		C309407B1F7DB7D200447E65 /* (null) in Sources */ = {isa = PBXBuildFile; };
		C309407D1F7DBB9C00447E65 /* ActivityHeaderView.xib in Resources */ = {isa = PBXBuildFile; fileRef = C309407C1F7DBB9C00447E65 /* ActivityHeaderView.xib */; };
		C33DFB8A1F7DAD0C00F00D94 /* WeeklyOverviewViewController.swift in Sources */ = {isa = PBXBuildFile; fileRef = C33DFB891F7DAD0C00F00D94 /* WeeklyOverviewViewController.swift */; };
		C362A4071EE34EA200AB9830 /* Onboarding.storyboard in Resources */ = {isa = PBXBuildFile; fileRef = C362A4061EE34EA200AB9830 /* Onboarding.storyboard */; };
		C362A4091EE3517800AB9830 /* OnboardPageViewController.swift in Sources */ = {isa = PBXBuildFile; fileRef = C362A4081EE3517800AB9830 /* OnboardPageViewController.swift */; };
		C362A40B1EE35DD500AB9830 /* OnboardViewController.swift in Sources */ = {isa = PBXBuildFile; fileRef = C362A40A1EE35DD500AB9830 /* OnboardViewController.swift */; };
		C36487ED1F903CE100899118 /* TransparentHeaderTableView.swift in Sources */ = {isa = PBXBuildFile; fileRef = C36487EC1F903CE100899118 /* TransparentHeaderTableView.swift */; };
		C3A879B11F4BD7F700132FBA /* Design.swift in Sources */ = {isa = PBXBuildFile; fileRef = C3A879B01F4BD7F700132FBA /* Design.swift */; };
		C3B0C4521EE377180000D097 /* StoryboardProtocols.swift in Sources */ = {isa = PBXBuildFile; fileRef = C3B0C4511EE377180000D097 /* StoryboardProtocols.swift */; };
		C3B0C4541EE3CC930000D097 /* PageManager.swift in Sources */ = {isa = PBXBuildFile; fileRef = C3B0C4531EE3CC930000D097 /* PageManager.swift */; };
		C3C760A81F085AAA00F5C773 /* NavigationController+Extensions.swift in Sources */ = {isa = PBXBuildFile; fileRef = C3C760A71F085AAA00F5C773 /* NavigationController+Extensions.swift */; };
		C3DEA7271F14850E001F2696 /* ActivityCoordinator.swift in Sources */ = {isa = PBXBuildFile; fileRef = C3DEA7261F14850E001F2696 /* ActivityCoordinator.swift */; };
		C3FC4D3D1FB7C7C3000BB303 /* CountdownRingView.swift in Sources */ = {isa = PBXBuildFile; fileRef = C3FC4D3C1FB7C7C3000BB303 /* CountdownRingView.swift */; };
		D1102CE51F00B4B7006A0E2F /* DailyCollectionViewCell.swift in Sources */ = {isa = PBXBuildFile; fileRef = D1102CE41F00B4B7006A0E2F /* DailyCollectionViewCell.swift */; };
		D1102CE81F00BA93006A0E2F /* DailyCollectionHeaderView.swift in Sources */ = {isa = PBXBuildFile; fileRef = D1102CE71F00BA93006A0E2F /* DailyCollectionHeaderView.swift */; };
		D1102CEA1F00C085006A0E2F /* AppConstants.swift in Sources */ = {isa = PBXBuildFile; fileRef = D1102CE91F00C085006A0E2F /* AppConstants.swift */; };
		D128B6D81F1335E000D2519E /* TimeInterval+Extensions.swift in Sources */ = {isa = PBXBuildFile; fileRef = D128B6D71F1335E000D2519E /* TimeInterval+Extensions.swift */; };
		D16696A01F888A7400D4813E /* HMSegmentedControl.framework in Frameworks */ = {isa = PBXBuildFile; fileRef = D166969F1F888A7400D4813E /* HMSegmentedControl.framework */; };
		D16696A41F888A9000D4813E /* MXSegmentedPager.framework in Frameworks */ = {isa = PBXBuildFile; fileRef = D16696A11F888A9000D4813E /* MXSegmentedPager.framework */; };
		D16696A51F888A9000D4813E /* MXParallaxHeader.framework in Frameworks */ = {isa = PBXBuildFile; fileRef = D16696A21F888A9000D4813E /* MXParallaxHeader.framework */; };
		D16696A61F888A9000D4813E /* MXPagerView.framework in Frameworks */ = {isa = PBXBuildFile; fileRef = D16696A31F888A9000D4813E /* MXPagerView.framework */; };
		D1B21F941EF521870023D427 /* RealmManager.swift in Sources */ = {isa = PBXBuildFile; fileRef = D1B21F931EF521870023D427 /* RealmManager.swift */; };
		D1BD76521EF5CA0600894A06 /* NotificationCenterManager.swift in Sources */ = {isa = PBXBuildFile; fileRef = D1BD76511EF5CA0600894A06 /* NotificationCenterManager.swift */; };
		D1C003CC1FB7C5230045139F /* ProgressStripeView.swift in Sources */ = {isa = PBXBuildFile; fileRef = D1C003CB1FB7C5230045139F /* ProgressStripeView.swift */; };
		D1C0468B1FB77FC900DADF3B /* CountdownTVCCell.swift in Sources */ = {isa = PBXBuildFile; fileRef = D1C046891FB77FC900DADF3B /* CountdownTVCCell.swift */; };
		D1C0468D1FB77FC900DADF3B /* CountdownTVCCell.xib in Resources */ = {isa = PBXBuildFile; fileRef = D1C0468A1FB77FC900DADF3B /* CountdownTVCCell.xib */; };
		D1CA47031EE354B9003628FF /* DailyCollectionViewController.swift in Sources */ = {isa = PBXBuildFile; fileRef = D1CA47021EE354B9003628FF /* DailyCollectionViewController.swift */; };
/* End PBXBuildFile section */

/* Begin PBXContainerItemProxy section */
		52E1FFE41F3813A80091C1CB /* PBXContainerItemProxy */ = {
			isa = PBXContainerItemProxy;
			containerPortal = 5287CA2A1EDCF91E00E71CE8 /* Project object */;
			proxyType = 1;
			remoteGlobalIDString = 5287CA311EDCF91E00E71CE8;
			remoteInfo = WorkWeek;
		};
/* End PBXContainerItemProxy section */

/* Begin PBXFileReference section */
		520855661F38144A00409642 /* DailyObjectTests.swift */ = {isa = PBXFileReference; fileEncoding = 4; lastKnownFileType = sourcecode.swift; path = DailyObjectTests.swift; sourceTree = "<group>"; };
		5208F3AA1EDE4C22008F82CC /* Fabric.framework */ = {isa = PBXFileReference; lastKnownFileType = wrapper.framework; path = Fabric.framework; sourceTree = "<group>"; };
		5208F3AB1EDE4C22008F82CC /* Crashlytics.framework */ = {isa = PBXFileReference; lastKnownFileType = wrapper.framework; path = Crashlytics.framework; sourceTree = "<group>"; };
		521806741F40CD170079AFD4 /* DailyObject.swift */ = {isa = PBXFileReference; fileEncoding = 4; lastKnownFileType = sourcecode.swift; path = DailyObject.swift; sourceTree = "<group>"; };
		521806761F40CD2B0079AFD4 /* WeeklyObject.swift */ = {isa = PBXFileReference; fileEncoding = 4; lastKnownFileType = sourcecode.swift; path = WeeklyObject.swift; sourceTree = "<group>"; };
		521806781F40CDC80079AFD4 /* Event.swift */ = {isa = PBXFileReference; fileEncoding = 4; lastKnownFileType = sourcecode.swift; path = Event.swift; sourceTree = "<group>"; };
		521AF7FA1F21902900C8F707 /* UserDefaults+Extensions.swift */ = {isa = PBXFileReference; fileEncoding = 4; lastKnownFileType = sourcecode.swift; path = "UserDefaults+Extensions.swift"; sourceTree = "<group>"; };
		52223FA81EE123F20014F4A9 /* AppCoordinator.swift */ = {isa = PBXFileReference; fileEncoding = 4; lastKnownFileType = sourcecode.swift; path = AppCoordinator.swift; sourceTree = "<group>"; };
		52223FAA1EE1299B0014F4A9 /* Reusable.framework */ = {isa = PBXFileReference; lastKnownFileType = wrapper.framework; name = Reusable.framework; path = Carthage/Build/iOS/Reusable.framework; sourceTree = "<group>"; };
		5232AC6B1F466EA700B72E2F /* GradientBackgroundView.swift */ = {isa = PBXFileReference; fileEncoding = 4; lastKnownFileType = sourcecode.swift; path = GradientBackgroundView.swift; sourceTree = "<group>"; };
		523ADD211F3B5083005D2830 /* CustomOperators.swift */ = {isa = PBXFileReference; fileEncoding = 4; lastKnownFileType = sourcecode.swift; path = CustomOperators.swift; sourceTree = "<group>"; };
		524392FB1F148C4100EEFEA3 /* User.swift */ = {isa = PBXFileReference; fileEncoding = 4; lastKnownFileType = sourcecode.swift; path = User.swift; sourceTree = "<group>"; };
		52510E911EFCCAEC006F5C97 /* SettingsMapViewController.swift */ = {isa = PBXFileReference; fileEncoding = 4; lastKnownFileType = sourcecode.swift; path = SettingsMapViewController.swift; sourceTree = "<group>"; };
		52510E931EFCD03E006F5C97 /* MapKit.framework */ = {isa = PBXFileReference; lastKnownFileType = wrapper.framework; name = MapKit.framework; path = System/Library/Frameworks/MapKit.framework; sourceTree = SDKROOT; };
		525A2D381F0615AD00895246 /* CLLocationManager+Extensions.swift */ = {isa = PBXFileReference; fileEncoding = 4; lastKnownFileType = sourcecode.swift; path = "CLLocationManager+Extensions.swift"; sourceTree = "<group>"; };
		526799111EE349A500F41E01 /* Settings.storyboard */ = {isa = PBXFileReference; fileEncoding = 4; lastKnownFileType = file.storyboard; path = Settings.storyboard; sourceTree = "<group>"; };
		526799131EE3555600F41E01 /* SettingsViewController.swift */ = {isa = PBXFileReference; fileEncoding = 4; lastKnownFileType = sourcecode.swift; path = SettingsViewController.swift; sourceTree = "<group>"; };
		526E50711EF62DD50066F043 /* Analytics.swift */ = {isa = PBXFileReference; fileEncoding = 4; lastKnownFileType = sourcecode.swift; path = Analytics.swift; sourceTree = "<group>"; };
		526E50731EF6CDBC0066F043 /* Dictionary+Extensions.swift */ = {isa = PBXFileReference; fileEncoding = 4; lastKnownFileType = sourcecode.swift; path = "Dictionary+Extensions.swift"; sourceTree = "<group>"; };
		526E50751EF6CE3C0066F043 /* CrashReporting.swift */ = {isa = PBXFileReference; fileEncoding = 4; lastKnownFileType = sourcecode.swift; path = CrashReporting.swift; sourceTree = "<group>"; };
		527039341EF8D85B00A0B6BA /* Log.swift */ = {isa = PBXFileReference; fileEncoding = 4; lastKnownFileType = sourcecode.swift; path = Log.swift; sourceTree = "<group>"; };
		5272B78B1F12A62200F003FD /* MapVCDelegate.swift */ = {isa = PBXFileReference; fileEncoding = 4; lastKnownFileType = sourcecode.swift; path = MapVCDelegate.swift; sourceTree = "<group>"; };
		527430E31F33FDC600ED238D /* WorkWeekCustomViews.playground */ = {isa = PBXFileReference; lastKnownFileType = file.playground; path = WorkWeekCustomViews.playground; sourceTree = "<group>"; };
		5277676B1F4DCA3D00062125 /* UserGettable.swift */ = {isa = PBXFileReference; fileEncoding = 4; lastKnownFileType = sourcecode.swift; path = UserGettable.swift; sourceTree = "<group>"; };
		52802FE31F2853CA009A519B /* PushNotificationManager.swift */ = {isa = PBXFileReference; fileEncoding = 4; lastKnownFileType = sourcecode.swift; path = PushNotificationManager.swift; sourceTree = "<group>"; };
		52802FE71F285C89009A519B /* LocationDelegate.swift */ = {isa = PBXFileReference; fileEncoding = 4; lastKnownFileType = sourcecode.swift; path = LocationDelegate.swift; sourceTree = "<group>"; };
		5287CA321EDCF91E00E71CE8 /* WorkWeek.app */ = {isa = PBXFileReference; explicitFileType = wrapper.application; includeInIndex = 0; path = WorkWeek.app; sourceTree = BUILT_PRODUCTS_DIR; };
		5287CA351EDCF91E00E71CE8 /* AppDelegate.swift */ = {isa = PBXFileReference; lastKnownFileType = sourcecode.swift; path = AppDelegate.swift; sourceTree = "<group>"; };
		5287CA371EDCF91E00E71CE8 /* CountdownViewController.swift */ = {isa = PBXFileReference; lastKnownFileType = sourcecode.swift; path = CountdownViewController.swift; sourceTree = "<group>"; };
		5287CA3A1EDCF91E00E71CE8 /* Base */ = {isa = PBXFileReference; lastKnownFileType = file.storyboard; name = Base; path = Base.lproj/Activity.storyboard; sourceTree = "<group>"; };
		5287CA3C1EDCF91E00E71CE8 /* Assets.xcassets */ = {isa = PBXFileReference; lastKnownFileType = folder.assetcatalog; path = Assets.xcassets; sourceTree = "<group>"; };
		5287CA3F1EDCF91E00E71CE8 /* Base */ = {isa = PBXFileReference; lastKnownFileType = file.storyboard; name = Base; path = Base.lproj/LaunchScreen.storyboard; sourceTree = "<group>"; };
		5287CA411EDCF91E00E71CE8 /* Info.plist */ = {isa = PBXFileReference; lastKnownFileType = text.plist.xml; path = Info.plist; sourceTree = "<group>"; };
		5287CA491EDCFA9200E71CE8 /* Realm.framework */ = {isa = PBXFileReference; lastKnownFileType = wrapper.framework; name = Realm.framework; path = ../Carthage/Build/iOS/Realm.framework; sourceTree = "<group>"; };
		5287CA4A1EDCFA9200E71CE8 /* RealmSwift.framework */ = {isa = PBXFileReference; lastKnownFileType = wrapper.framework; name = RealmSwift.framework; path = ../Carthage/Build/iOS/RealmSwift.framework; sourceTree = "<group>"; };
		5294A1321F4BE79F00DC186A /* HoursPickerViewController.swift */ = {isa = PBXFileReference; fileEncoding = 4; lastKnownFileType = sourcecode.swift; path = HoursPickerViewController.swift; sourceTree = "<group>"; };
		5294A1341F4D3A5500DC186A /* TwoLabelButton.swift */ = {isa = PBXFileReference; fileEncoding = 4; lastKnownFileType = sourcecode.swift; path = TwoLabelButton.swift; sourceTree = "<group>"; };
		52A375491F906C2100523431 /* CountdownTableViewCell.swift */ = {isa = PBXFileReference; fileEncoding = 4; lastKnownFileType = sourcecode.swift; path = CountdownTableViewCell.swift; sourceTree = "<group>"; };
		52DC082D1EFF109800699A81 /* OnboardingCoordinator.swift */ = {isa = PBXFileReference; fileEncoding = 4; lastKnownFileType = sourcecode.swift; path = OnboardingCoordinator.swift; sourceTree = "<group>"; };
		52E1A7251EFB8E1000FBF278 /* WorkHoursPickerDataSource.swift */ = {isa = PBXFileReference; fileEncoding = 4; lastKnownFileType = sourcecode.swift; path = WorkHoursPickerDataSource.swift; sourceTree = "<group>"; };
		52E1A7271EFB8FF000FBF278 /* SettingsCoordinator.swift */ = {isa = PBXFileReference; fileEncoding = 4; lastKnownFileType = sourcecode.swift; path = SettingsCoordinator.swift; sourceTree = "<group>"; };
		52E1AD8D1F8A871B00CA3694 /* Warnings.xcconfig */ = {isa = PBXFileReference; lastKnownFileType = text.xcconfig; path = Warnings.xcconfig; sourceTree = "<group>"; };
		52E1FFDF1F3813A80091C1CB /* WorkWeekTests.xctest */ = {isa = PBXFileReference; explicitFileType = wrapper.cfbundle; includeInIndex = 0; path = WorkWeekTests.xctest; sourceTree = BUILT_PRODUCTS_DIR; };
		52E1FFE31F3813A80091C1CB /* Info.plist */ = {isa = PBXFileReference; lastKnownFileType = text.plist.xml; path = Info.plist; sourceTree = "<group>"; };
		C309407C1F7DBB9C00447E65 /* ActivityHeaderView.xib */ = {isa = PBXFileReference; lastKnownFileType = file.xib; path = ActivityHeaderView.xib; sourceTree = "<group>"; };
		C33DFB891F7DAD0C00F00D94 /* WeeklyOverviewViewController.swift */ = {isa = PBXFileReference; lastKnownFileType = sourcecode.swift; path = WeeklyOverviewViewController.swift; sourceTree = "<group>"; };
		C362A4061EE34EA200AB9830 /* Onboarding.storyboard */ = {isa = PBXFileReference; fileEncoding = 4; lastKnownFileType = file.storyboard; path = Onboarding.storyboard; sourceTree = "<group>"; };
		C362A4081EE3517800AB9830 /* OnboardPageViewController.swift */ = {isa = PBXFileReference; fileEncoding = 4; lastKnownFileType = sourcecode.swift; path = OnboardPageViewController.swift; sourceTree = "<group>"; };
		C362A40A1EE35DD500AB9830 /* OnboardViewController.swift */ = {isa = PBXFileReference; fileEncoding = 4; lastKnownFileType = sourcecode.swift; path = OnboardViewController.swift; sourceTree = "<group>"; };
		C36487EC1F903CE100899118 /* TransparentHeaderTableView.swift */ = {isa = PBXFileReference; lastKnownFileType = sourcecode.swift; path = TransparentHeaderTableView.swift; sourceTree = "<group>"; };
		C3A879B01F4BD7F700132FBA /* Design.swift */ = {isa = PBXFileReference; fileEncoding = 4; lastKnownFileType = sourcecode.swift; path = Design.swift; sourceTree = "<group>"; };
		C3B0C4511EE377180000D097 /* StoryboardProtocols.swift */ = {isa = PBXFileReference; fileEncoding = 4; lastKnownFileType = sourcecode.swift; path = StoryboardProtocols.swift; sourceTree = "<group>"; };
		C3B0C4531EE3CC930000D097 /* PageManager.swift */ = {isa = PBXFileReference; fileEncoding = 4; lastKnownFileType = sourcecode.swift; path = PageManager.swift; sourceTree = "<group>"; };
		C3C760A71F085AAA00F5C773 /* NavigationController+Extensions.swift */ = {isa = PBXFileReference; fileEncoding = 4; lastKnownFileType = sourcecode.swift; path = "NavigationController+Extensions.swift"; sourceTree = "<group>"; };
		C3DEA7261F14850E001F2696 /* ActivityCoordinator.swift */ = {isa = PBXFileReference; fileEncoding = 4; lastKnownFileType = sourcecode.swift; path = ActivityCoordinator.swift; sourceTree = "<group>"; };
		C3FC4D3C1FB7C7C3000BB303 /* CountdownRingView.swift */ = {isa = PBXFileReference; lastKnownFileType = sourcecode.swift; path = CountdownRingView.swift; sourceTree = "<group>"; };
		D1102CE41F00B4B7006A0E2F /* DailyCollectionViewCell.swift */ = {isa = PBXFileReference; fileEncoding = 4; lastKnownFileType = sourcecode.swift; path = DailyCollectionViewCell.swift; sourceTree = "<group>"; };
		D1102CE71F00BA93006A0E2F /* DailyCollectionHeaderView.swift */ = {isa = PBXFileReference; fileEncoding = 4; lastKnownFileType = sourcecode.swift; path = DailyCollectionHeaderView.swift; sourceTree = "<group>"; };
		D1102CE91F00C085006A0E2F /* AppConstants.swift */ = {isa = PBXFileReference; fileEncoding = 4; lastKnownFileType = sourcecode.swift; path = AppConstants.swift; sourceTree = "<group>"; };
		D128B6D71F1335E000D2519E /* TimeInterval+Extensions.swift */ = {isa = PBXFileReference; fileEncoding = 4; lastKnownFileType = sourcecode.swift; path = "TimeInterval+Extensions.swift"; sourceTree = "<group>"; };
		D166969F1F888A7400D4813E /* HMSegmentedControl.framework */ = {isa = PBXFileReference; lastKnownFileType = wrapper.framework; name = HMSegmentedControl.framework; path = Carthage/Build/iOS/HMSegmentedControl.framework; sourceTree = "<group>"; };
		D16696A11F888A9000D4813E /* MXSegmentedPager.framework */ = {isa = PBXFileReference; lastKnownFileType = wrapper.framework; name = MXSegmentedPager.framework; path = Carthage/Build/iOS/MXSegmentedPager.framework; sourceTree = "<group>"; };
		D16696A21F888A9000D4813E /* MXParallaxHeader.framework */ = {isa = PBXFileReference; lastKnownFileType = wrapper.framework; name = MXParallaxHeader.framework; path = Carthage/Build/iOS/MXParallaxHeader.framework; sourceTree = "<group>"; };
		D16696A31F888A9000D4813E /* MXPagerView.framework */ = {isa = PBXFileReference; lastKnownFileType = wrapper.framework; name = MXPagerView.framework; path = Carthage/Build/iOS/MXPagerView.framework; sourceTree = "<group>"; };
		D1B21F931EF521870023D427 /* RealmManager.swift */ = {isa = PBXFileReference; fileEncoding = 4; lastKnownFileType = sourcecode.swift; path = RealmManager.swift; sourceTree = "<group>"; };
		D1BD76511EF5CA0600894A06 /* NotificationCenterManager.swift */ = {isa = PBXFileReference; fileEncoding = 4; lastKnownFileType = sourcecode.swift; path = NotificationCenterManager.swift; sourceTree = "<group>"; };
		D1C003CB1FB7C5230045139F /* ProgressStripeView.swift */ = {isa = PBXFileReference; lastKnownFileType = sourcecode.swift; path = ProgressStripeView.swift; sourceTree = "<group>"; };
		D1C046891FB77FC900DADF3B /* CountdownTVCCell.swift */ = {isa = PBXFileReference; lastKnownFileType = sourcecode.swift; path = CountdownTVCCell.swift; sourceTree = "<group>"; };
		D1C0468A1FB77FC900DADF3B /* CountdownTVCCell.xib */ = {isa = PBXFileReference; lastKnownFileType = file.xib; path = CountdownTVCCell.xib; sourceTree = "<group>"; };
		D1CA47021EE354B9003628FF /* DailyCollectionViewController.swift */ = {isa = PBXFileReference; fileEncoding = 4; lastKnownFileType = sourcecode.swift; path = DailyCollectionViewController.swift; sourceTree = "<group>"; };
/* End PBXFileReference section */

/* Begin PBXFrameworksBuildPhase section */
		5287CA2F1EDCF91E00E71CE8 /* Frameworks */ = {
			isa = PBXFrameworksBuildPhase;
			buildActionMask = 2147483647;
			files = (
				5287CA4D1EDCFB8400E71CE8 /* Realm.framework in Frameworks */,
				5287CA4E1EDCFB8400E71CE8 /* RealmSwift.framework in Frameworks */,
				5208F3AD1EDE4C22008F82CC /* Crashlytics.framework in Frameworks */,
				5208F3AC1EDE4C22008F82CC /* Fabric.framework in Frameworks */,
				52510E941EFCD03E006F5C97 /* MapKit.framework in Frameworks */,
				52223FAB1EE1299B0014F4A9 /* Reusable.framework in Frameworks */,
				D16696A01F888A7400D4813E /* HMSegmentedControl.framework in Frameworks */,
				D16696A41F888A9000D4813E /* MXSegmentedPager.framework in Frameworks */,
				D16696A51F888A9000D4813E /* MXParallaxHeader.framework in Frameworks */,
				D16696A61F888A9000D4813E /* MXPagerView.framework in Frameworks */,
			);
			runOnlyForDeploymentPostprocessing = 0;
		};
		52E1FFDC1F3813A80091C1CB /* Frameworks */ = {
			isa = PBXFrameworksBuildPhase;
			buildActionMask = 2147483647;
			files = (
			);
			runOnlyForDeploymentPostprocessing = 0;
		};
/* End PBXFrameworksBuildPhase section */

/* Begin PBXGroup section */
		5218067A1F40CDEB0079AFD4 /* Models */ = {
			isa = PBXGroup;
			children = (
				524392FB1F148C4100EEFEA3 /* User.swift */,
				521806741F40CD170079AFD4 /* DailyObject.swift */,
				521806761F40CD2B0079AFD4 /* WeeklyObject.swift */,
				521806781F40CDC80079AFD4 /* Event.swift */,
			);
			name = Models;
			sourceTree = "<group>";
		};
		5218067B1F40CF610079AFD4 /* 3rdPartyWrappers */ = {
			isa = PBXGroup;
			children = (
				526E50711EF62DD50066F043 /* Analytics.swift */,
				527039341EF8D85B00A0B6BA /* Log.swift */,
				526E50751EF6CE3C0066F043 /* CrashReporting.swift */,
			);
			name = 3rdPartyWrappers;
			sourceTree = "<group>";
		};
		5277676D1F4DCB2000062125 /* Protocols */ = {
			isa = PBXGroup;
			children = (
				C3B0C4511EE377180000D097 /* StoryboardProtocols.swift */,
				5277676B1F4DCA3D00062125 /* UserGettable.swift */,
			);
			name = Protocols;
			sourceTree = "<group>";
		};
		5287CA291EDCF91E00E71CE8 = {
			isa = PBXGroup;
			children = (
				527430E31F33FDC600ED238D /* WorkWeekCustomViews.playground */,
				5287CA341EDCF91E00E71CE8 /* WorkWeek */,
				52E1FFE01F3813A80091C1CB /* WorkWeekTests */,
				5287CA331EDCF91E00E71CE8 /* Products */,
				5287CA481EDCFA9100E71CE8 /* Frameworks */,
			);
			sourceTree = "<group>";
		};
		5287CA331EDCF91E00E71CE8 /* Products */ = {
			isa = PBXGroup;
			children = (
				5287CA321EDCF91E00E71CE8 /* WorkWeek.app */,
				52E1FFDF1F3813A80091C1CB /* WorkWeekTests.xctest */,
			);
			name = Products;
			sourceTree = "<group>";
		};
		5287CA341EDCF91E00E71CE8 /* WorkWeek */ = {
			isa = PBXGroup;
			children = (
				5287CA351EDCF91E00E71CE8 /* AppDelegate.swift */,
				52223FA81EE123F20014F4A9 /* AppCoordinator.swift */,
				C3B0C4531EE3CC930000D097 /* PageManager.swift */,
				D1102CE91F00C085006A0E2F /* AppConstants.swift */,
				5277676D1F4DCB2000062125 /* Protocols */,
				D1102CED1F038AEE006A0E2F /* Extensions */,
				D1B21F921EF521720023D427 /* Managers */,
				D1CA47011EE34D9F003628FF /* Activity */,
				52E1A7291EFB91CA00FBF278 /* Settings */,
				C3FE380B1EFDD4CD00E1D60E /* Onboarding */,
				5218067A1F40CDEB0079AFD4 /* Models */,
				5218067B1F40CF610079AFD4 /* 3rdPartyWrappers */,
				5287CA3E1EDCF91E00E71CE8 /* LaunchScreen.storyboard */,
				5287CA411EDCF91E00E71CE8 /* Info.plist */,
				52E1AD8D1F8A871B00CA3694 /* Warnings.xcconfig */,
				5287CA3C1EDCF91E00E71CE8 /* Assets.xcassets */,
			);
			path = WorkWeek;
			sourceTree = "<group>";
		};
		5287CA481EDCFA9100E71CE8 /* Frameworks */ = {
			isa = PBXGroup;
			children = (
				D16696A31F888A9000D4813E /* MXPagerView.framework */,
				D16696A21F888A9000D4813E /* MXParallaxHeader.framework */,
				D16696A11F888A9000D4813E /* MXSegmentedPager.framework */,
				D166969F1F888A7400D4813E /* HMSegmentedControl.framework */,
				52510E931EFCD03E006F5C97 /* MapKit.framework */,
				52223FAA1EE1299B0014F4A9 /* Reusable.framework */,
				5208F3AA1EDE4C22008F82CC /* Fabric.framework */,
				5208F3AB1EDE4C22008F82CC /* Crashlytics.framework */,
				5287CA491EDCFA9200E71CE8 /* Realm.framework */,
				5287CA4A1EDCFA9200E71CE8 /* RealmSwift.framework */,
			);
			name = Frameworks;
			sourceTree = "<group>";
		};
		52E1A7291EFB91CA00FBF278 /* Settings */ = {
			isa = PBXGroup;
			children = (
				5294A1321F4BE79F00DC186A /* HoursPickerViewController.swift */,
				526799111EE349A500F41E01 /* Settings.storyboard */,
				526799131EE3555600F41E01 /* SettingsViewController.swift */,
				52E1A7251EFB8E1000FBF278 /* WorkHoursPickerDataSource.swift */,
				52E1A7271EFB8FF000FBF278 /* SettingsCoordinator.swift */,
				52510E911EFCCAEC006F5C97 /* SettingsMapViewController.swift */,
				5272B78B1F12A62200F003FD /* MapVCDelegate.swift */,
				5294A1341F4D3A5500DC186A /* TwoLabelButton.swift */,
			);
			name = Settings;
			sourceTree = "<group>";
		};
		52E1FFE01F3813A80091C1CB /* WorkWeekTests */ = {
			isa = PBXGroup;
			children = (
				52E1FFE31F3813A80091C1CB /* Info.plist */,
				520855661F38144A00409642 /* DailyObjectTests.swift */,
			);
			path = WorkWeekTests;
			sourceTree = "<group>";
		};
		C3FE380B1EFDD4CD00E1D60E /* Onboarding */ = {
			isa = PBXGroup;
			children = (
				5232AC6B1F466EA700B72E2F /* GradientBackgroundView.swift */,
				C362A4061EE34EA200AB9830 /* Onboarding.storyboard */,
				C362A4081EE3517800AB9830 /* OnboardPageViewController.swift */,
				C362A40A1EE35DD500AB9830 /* OnboardViewController.swift */,
				52DC082D1EFF109800699A81 /* OnboardingCoordinator.swift */,
			);
			name = Onboarding;
			sourceTree = "<group>";
		};
		D1102CE61F00BA4E006A0E2F /* DailyCollectionView */ = {
			isa = PBXGroup;
			children = (
				D1CA47021EE354B9003628FF /* DailyCollectionViewController.swift */,
				D1102CE41F00B4B7006A0E2F /* DailyCollectionViewCell.swift */,
				D1102CE71F00BA93006A0E2F /* DailyCollectionHeaderView.swift */,
			);
			name = DailyCollectionView;
			sourceTree = "<group>";
		};
		D1102CED1F038AEE006A0E2F /* Extensions */ = {
			isa = PBXGroup;
			children = (
				C3A879B01F4BD7F700132FBA /* Design.swift */,
				525A2D381F0615AD00895246 /* CLLocationManager+Extensions.swift */,
				526E50731EF6CDBC0066F043 /* Dictionary+Extensions.swift */,
				C3C760A71F085AAA00F5C773 /* NavigationController+Extensions.swift */,
				D128B6D71F1335E000D2519E /* TimeInterval+Extensions.swift */,
				521AF7FA1F21902900C8F707 /* UserDefaults+Extensions.swift */,
				523ADD211F3B5083005D2830 /* CustomOperators.swift */,
				D1C003CB1FB7C5230045139F /* ProgressStripeView.swift */,
			);
			name = Extensions;
			sourceTree = "<group>";
		};
		D1B21F921EF521720023D427 /* Managers */ = {
			isa = PBXGroup;
			children = (
				52802FE71F285C89009A519B /* LocationDelegate.swift */,
				D1B21F931EF521870023D427 /* RealmManager.swift */,
				D1BD76511EF5CA0600894A06 /* NotificationCenterManager.swift */,
				52802FE31F2853CA009A519B /* PushNotificationManager.swift */,
			);
			name = Managers;
			sourceTree = "<group>";
		};
		D1C0468F1FB77FD700DADF3B /* NewCountdownTableViewCell */ = {
			isa = PBXGroup;
			children = (
				D1C046891FB77FC900DADF3B /* CountdownTVCCell.swift */,
				D1C0468A1FB77FC900DADF3B /* CountdownTVCCell.xib */,
			);
			name = NewCountdownTableViewCell;
			sourceTree = "<group>";
		};
		D1CA47011EE34D9F003628FF /* Activity */ = {
			isa = PBXGroup;
			children = (
				D1C0468F1FB77FD700DADF3B /* NewCountdownTableViewCell */,
				52A375491F906C2100523431 /* CountdownTableViewCell.swift */,
				C3DEA7261F14850E001F2696 /* ActivityCoordinator.swift */,
				C3FC4D3C1FB7C7C3000BB303 /* CountdownRingView.swift */,
				5287CA391EDCF91E00E71CE8 /* Activity.storyboard */,
				C36487EC1F903CE100899118 /* TransparentHeaderTableView.swift */,
				C33DFB891F7DAD0C00F00D94 /* WeeklyOverviewViewController.swift */,
				C309407C1F7DBB9C00447E65 /* ActivityHeaderView.xib */,
				5287CA371EDCF91E00E71CE8 /* CountdownViewController.swift */,
				D1102CE61F00BA4E006A0E2F /* DailyCollectionView */,
			);
			name = Activity;
			sourceTree = "<group>";
		};
/* End PBXGroup section */

/* Begin PBXNativeTarget section */
		5287CA311EDCF91E00E71CE8 /* WorkWeek */ = {
			isa = PBXNativeTarget;
			buildConfigurationList = 5287CA441EDCF91E00E71CE8 /* Build configuration list for PBXNativeTarget "WorkWeek" */;
			buildPhases = (
				5287CA2E1EDCF91E00E71CE8 /* Sources */,
				5287CA2F1EDCF91E00E71CE8 /* Frameworks */,
				5287CA301EDCF91E00E71CE8 /* Resources */,
				5287CA471EDCFA2D00E71CE8 /* Copy Carthage Frameworks */,
				523511671EDDB7F00093B125 /* Swiftlint Files */,
				5208F3A91EDE4BC9008F82CC /* Do Fabric Things */,
				5208F3B11EDE6BB8008F82CC /* Bump Version Number for Release builds */,
			);
			buildRules = (
			);
			dependencies = (
			);
			name = WorkWeek;
			productName = WorkWeek;
			productReference = 5287CA321EDCF91E00E71CE8 /* WorkWeek.app */;
			productType = "com.apple.product-type.application";
		};
		52E1FFDE1F3813A80091C1CB /* WorkWeekTests */ = {
			isa = PBXNativeTarget;
			buildConfigurationList = 52E1FFE81F3813A80091C1CB /* Build configuration list for PBXNativeTarget "WorkWeekTests" */;
			buildPhases = (
				52E1FFDB1F3813A80091C1CB /* Sources */,
				52E1FFDC1F3813A80091C1CB /* Frameworks */,
				52E1FFDD1F3813A80091C1CB /* Resources */,
			);
			buildRules = (
			);
			dependencies = (
				52E1FFE51F3813A80091C1CB /* PBXTargetDependency */,
			);
			name = WorkWeekTests;
			productName = WorkWeekTests;
			productReference = 52E1FFDF1F3813A80091C1CB /* WorkWeekTests.xctest */;
			productType = "com.apple.product-type.bundle.unit-test";
		};
/* End PBXNativeTarget section */

/* Begin PBXProject section */
		5287CA2A1EDCF91E00E71CE8 /* Project object */ = {
			isa = PBXProject;
			attributes = {
				LastSwiftUpdateCheck = 0830;
				LastUpgradeCheck = 0900;
				ORGANIZATIONNAME = "Spark App Studio";
				TargetAttributes = {
					5287CA311EDCF91E00E71CE8 = {
						CreatedOnToolsVersion = 8.3.2;
						DevelopmentTeam = 68KS6FN57P;
						LastSwiftMigration = 0900;
						ProvisioningStyle = Manual;
						SystemCapabilities = {
							com.apple.Maps.iOS = {
								enabled = 1;
							};
						};
					};
					52E1FFDE1F3813A80091C1CB = {
						CreatedOnToolsVersion = 8.3.3;
						DevelopmentTeam = 68KS6FN57P;
						LastSwiftMigration = 0900;
						ProvisioningStyle = Automatic;
						TestTargetID = 5287CA311EDCF91E00E71CE8;
					};
				};
			};
			buildConfigurationList = 5287CA2D1EDCF91E00E71CE8 /* Build configuration list for PBXProject "WorkWeek" */;
			compatibilityVersion = "Xcode 3.2";
			developmentRegion = English;
			hasScannedForEncodings = 0;
			knownRegions = (
				en,
				Base,
			);
			mainGroup = 5287CA291EDCF91E00E71CE8;
			productRefGroup = 5287CA331EDCF91E00E71CE8 /* Products */;
			projectDirPath = "";
			projectRoot = "";
			targets = (
				5287CA311EDCF91E00E71CE8 /* WorkWeek */,
				52E1FFDE1F3813A80091C1CB /* WorkWeekTests */,
			);
		};
/* End PBXProject section */

/* Begin PBXResourcesBuildPhase section */
		5287CA301EDCF91E00E71CE8 /* Resources */ = {
			isa = PBXResourcesBuildPhase;
			buildActionMask = 2147483647;
			files = (
				5287CA401EDCF91E00E71CE8 /* LaunchScreen.storyboard in Resources */,
				C362A4071EE34EA200AB9830 /* Onboarding.storyboard in Resources */,
				C309407D1F7DBB9C00447E65 /* ActivityHeaderView.xib in Resources */,
				5287CA3D1EDCF91E00E71CE8 /* Assets.xcassets in Resources */,
				D1C0468D1FB77FC900DADF3B /* CountdownTVCCell.xib in Resources */,
				5287CA3B1EDCF91E00E71CE8 /* Activity.storyboard in Resources */,
				526799121EE349A500F41E01 /* Settings.storyboard in Resources */,
			);
			runOnlyForDeploymentPostprocessing = 0;
		};
		52E1FFDD1F3813A80091C1CB /* Resources */ = {
			isa = PBXResourcesBuildPhase;
			buildActionMask = 2147483647;
			files = (
			);
			runOnlyForDeploymentPostprocessing = 0;
		};
/* End PBXResourcesBuildPhase section */

/* Begin PBXShellScriptBuildPhase section */
		5208F3A91EDE4BC9008F82CC /* Do Fabric Things */ = {
			isa = PBXShellScriptBuildPhase;
			buildActionMask = 2147483647;
			files = (
			);
			inputPaths = (
			);
			name = "Do Fabric Things";
			outputPaths = (
			);
			runOnlyForDeploymentPostprocessing = 0;
			shellPath = /bin/sh;
			shellScript = "./Fabric.framework/run 993252beacbf2387f597b3284548e20828ae2643 9e9bac7398eecbf08f8597321214eda953841c7b981b9e48b750f7a4cc3ac84e";
		};
		5208F3B11EDE6BB8008F82CC /* Bump Version Number for Release builds */ = {
			isa = PBXShellScriptBuildPhase;
			buildActionMask = 2147483647;
			files = (
			);
			inputPaths = (
			);
			name = "Bump Version Number for Release builds";
			outputPaths = (
			);
			runOnlyForDeploymentPostprocessing = 0;
			shellPath = /bin/sh;
			shellScript = "if [ -z ${DEBUG} ]\nthen\n    exit 0\nelse\nbuildNumber=$(/usr/libexec/PlistBuddy -c \"Print CFBundleVersion\" \"$INFOPLIST_FILE\")\nbuildNumber=$(($buildNumber + 1))\n/usr/libexec/PlistBuddy -c \"Set :CFBundleVersion $buildNumber\" \"$INFOPLIST_FILE\"\nfi";
		};
		523511671EDDB7F00093B125 /* Swiftlint Files */ = {
			isa = PBXShellScriptBuildPhase;
			buildActionMask = 2147483647;
			files = (
			);
			inputPaths = (
			);
			name = "Swiftlint Files";
			outputPaths = (
			);
			runOnlyForDeploymentPostprocessing = 0;
			shellPath = /bin/sh;
			shellScript = "# if running on CI skip\nif [ -n \"$BUDDYBUILD_APP_ID\" ] ; then\n    echo \"CI Detected. Skipping Linting, appID ${BUDDYBUILD_APP_ID}\"\n    exit 0 # success, skip on CI\nfi\n\nif which swiftlint >/dev/null; then\nswiftlint\nelse\necho \"warning: SwiftLint not installed, download from https://github.com/realm/SwiftLint\"\nfi";
		};
		5287CA471EDCFA2D00E71CE8 /* Copy Carthage Frameworks */ = {
			isa = PBXShellScriptBuildPhase;
			buildActionMask = 2147483647;
			files = (
			);
			inputPaths = (
				"$(SRCROOT)/Carthage/Build/iOS/Realm.framework",
				"$(SRCROOT)/Carthage/Build/iOS/RealmSwift.framework",
				"$(SRCROOT)/Carthage/Build/iOS/Reusable.framework",
				"$(SRCROOT)/Carthage/Build/iOS/HMSegmentedControl.framework",
				"$(SRCROOT)/Carthage/Build/iOS/MXPagerView.framework",
				"$(SRCROOT)/Carthage/Build/iOS/MXParallaxHeader.framework",
				"$(SRCROOT)/Carthage/Build/iOS/MXSegmentedPager.framework",
			);
			name = "Copy Carthage Frameworks";
			outputPaths = (
			);
			runOnlyForDeploymentPostprocessing = 0;
			shellPath = /bin/sh;
			shellScript = "/usr/local/bin/carthage copy-frameworks";
		};
/* End PBXShellScriptBuildPhase section */

/* Begin PBXSourcesBuildPhase section */
		5287CA2E1EDCF91E00E71CE8 /* Sources */ = {
			isa = PBXSourcesBuildPhase;
			buildActionMask = 2147483647;
			files = (
				D1102CEA1F00C085006A0E2F /* AppConstants.swift in Sources */,
				C3B0C4521EE377180000D097 /* StoryboardProtocols.swift in Sources */,
				C33DFB8A1F7DAD0C00F00D94 /* WeeklyOverviewViewController.swift in Sources */,
				C362A40B1EE35DD500AB9830 /* OnboardViewController.swift in Sources */,
				C3C760A81F085AAA00F5C773 /* NavigationController+Extensions.swift in Sources */,
				524392FC1F148C4100EEFEA3 /* User.swift in Sources */,
				521806771F40CD2B0079AFD4 /* WeeklyObject.swift in Sources */,
				52510E921EFCCAEC006F5C97 /* SettingsMapViewController.swift in Sources */,
				52802FE41F2853CA009A519B /* PushNotificationManager.swift in Sources */,
				52E1A7281EFB8FF000FBF278 /* SettingsCoordinator.swift in Sources */,
				D128B6D81F1335E000D2519E /* TimeInterval+Extensions.swift in Sources */,
				D1B21F941EF521870023D427 /* RealmManager.swift in Sources */,
				C36487ED1F903CE100899118 /* TransparentHeaderTableView.swift in Sources */,
				D1102CE51F00B4B7006A0E2F /* DailyCollectionViewCell.swift in Sources */,
				52223FA91EE123F20014F4A9 /* AppCoordinator.swift in Sources */,
				5294A1331F4BE79F00DC186A /* HoursPickerViewController.swift in Sources */,
				52E1A7261EFB8E1000FBF278 /* WorkHoursPickerDataSource.swift in Sources */,
				C3DEA7271F14850E001F2696 /* ActivityCoordinator.swift in Sources */,
				526E50721EF62DD50066F043 /* Analytics.swift in Sources */,
				D1BD76521EF5CA0600894A06 /* NotificationCenterManager.swift in Sources */,
				52DC082E1EFF109800699A81 /* OnboardingCoordinator.swift in Sources */,
				521AF7FB1F21902900C8F707 /* UserDefaults+Extensions.swift in Sources */,
				5287CA381EDCF91E00E71CE8 /* CountdownViewController.swift in Sources */,
				C3FC4D3D1FB7C7C3000BB303 /* CountdownRingView.swift in Sources */,
				52802FE81F285C89009A519B /* LocationDelegate.swift in Sources */,
				C309407B1F7DB7D200447E65 /* (null) in Sources */,
				D1C0468B1FB77FC900DADF3B /* CountdownTVCCell.swift in Sources */,
				5232AC6C1F466EA700B72E2F /* GradientBackgroundView.swift in Sources */,
				526E50761EF6CE3C0066F043 /* CrashReporting.swift in Sources */,
				521806791F40CDC80079AFD4 /* Event.swift in Sources */,
				C3A879B11F4BD7F700132FBA /* Design.swift in Sources */,
				523ADD221F3B5083005D2830 /* CustomOperators.swift in Sources */,
				5294A1351F4D3A5500DC186A /* TwoLabelButton.swift in Sources */,
				521806751F40CD170079AFD4 /* DailyObject.swift in Sources */,
				527039351EF8D85B00A0B6BA /* Log.swift in Sources */,
				525A2D391F0615AD00895246 /* CLLocationManager+Extensions.swift in Sources */,
				5272B78C1F12A62200F003FD /* MapVCDelegate.swift in Sources */,
				52A3754A1F906C2100523431 /* CountdownTableViewCell.swift in Sources */,
				D1CA47031EE354B9003628FF /* DailyCollectionViewController.swift in Sources */,
				C3B0C4541EE3CC930000D097 /* PageManager.swift in Sources */,
				5287CA361EDCF91E00E71CE8 /* AppDelegate.swift in Sources */,
				5277676C1F4DCA3D00062125 /* UserGettable.swift in Sources */,
				526799141EE3555600F41E01 /* SettingsViewController.swift in Sources */,
				D1C003CC1FB7C5230045139F /* ProgressStripeView.swift in Sources */,
				C362A4091EE3517800AB9830 /* OnboardPageViewController.swift in Sources */,
				526E50741EF6CDBC0066F043 /* Dictionary+Extensions.swift in Sources */,
				D1102CE81F00BA93006A0E2F /* DailyCollectionHeaderView.swift in Sources */,
			);
			runOnlyForDeploymentPostprocessing = 0;
		};
		52E1FFDB1F3813A80091C1CB /* Sources */ = {
			isa = PBXSourcesBuildPhase;
			buildActionMask = 2147483647;
			files = (
				520855671F38144A00409642 /* DailyObjectTests.swift in Sources */,
			);
			runOnlyForDeploymentPostprocessing = 0;
		};
/* End PBXSourcesBuildPhase section */

/* Begin PBXTargetDependency section */
		52E1FFE51F3813A80091C1CB /* PBXTargetDependency */ = {
			isa = PBXTargetDependency;
			target = 5287CA311EDCF91E00E71CE8 /* WorkWeek */;
			targetProxy = 52E1FFE41F3813A80091C1CB /* PBXContainerItemProxy */;
		};
/* End PBXTargetDependency section */

/* Begin PBXVariantGroup section */
		5287CA391EDCF91E00E71CE8 /* Activity.storyboard */ = {
			isa = PBXVariantGroup;
			children = (
				5287CA3A1EDCF91E00E71CE8 /* Base */,
			);
			name = Activity.storyboard;
			sourceTree = "<group>";
		};
		5287CA3E1EDCF91E00E71CE8 /* LaunchScreen.storyboard */ = {
			isa = PBXVariantGroup;
			children = (
				5287CA3F1EDCF91E00E71CE8 /* Base */,
			);
			name = LaunchScreen.storyboard;
			sourceTree = "<group>";
		};
/* End PBXVariantGroup section */

/* Begin XCBuildConfiguration section */
		5287CA421EDCF91E00E71CE8 /* Debug */ = {
			isa = XCBuildConfiguration;
			buildSettings = {
				ALWAYS_SEARCH_USER_PATHS = NO;
				CLANG_ANALYZER_NONNULL = YES;
				CLANG_ANALYZER_NUMBER_OBJECT_CONVERSION = YES_AGGRESSIVE;
				CLANG_CXX_LANGUAGE_STANDARD = "gnu++0x";
				CLANG_CXX_LIBRARY = "libc++";
				CLANG_ENABLE_MODULES = YES;
				CLANG_ENABLE_OBJC_ARC = YES;
				CLANG_WARN_BLOCK_CAPTURE_AUTORELEASING = YES;
				CLANG_WARN_BOOL_CONVERSION = YES;
				CLANG_WARN_COMMA = YES;
				CLANG_WARN_CONSTANT_CONVERSION = YES;
				CLANG_WARN_DIRECT_OBJC_ISA_USAGE = YES_ERROR;
				CLANG_WARN_DOCUMENTATION_COMMENTS = YES;
				CLANG_WARN_EMPTY_BODY = YES;
				CLANG_WARN_ENUM_CONVERSION = YES;
				CLANG_WARN_INFINITE_RECURSION = YES;
				CLANG_WARN_INT_CONVERSION = YES;
				CLANG_WARN_NON_LITERAL_NULL_CONVERSION = YES;
				CLANG_WARN_OBJC_LITERAL_CONVERSION = YES;
				CLANG_WARN_OBJC_ROOT_CLASS = YES_ERROR;
				CLANG_WARN_RANGE_LOOP_ANALYSIS = YES;
				CLANG_WARN_STRICT_PROTOTYPES = YES;
				CLANG_WARN_SUSPICIOUS_MOVE = YES;
				CLANG_WARN_UNREACHABLE_CODE = YES;
				CLANG_WARN__DUPLICATE_METHOD_MATCH = YES;
				"CODE_SIGN_IDENTITY[sdk=iphoneos*]" = "iPhone Developer";
				COPY_PHASE_STRIP = NO;
				DEVELOPMENT_TEAM = 68KS6FN57P;
				ENABLE_STRICT_OBJC_MSGSEND = YES;
				ENABLE_TESTABILITY = YES;
				FRAMEWORK_SEARCH_PATHS = "$(SRCROOT)/Carthage/Build/iOS/";
				GCC_C_LANGUAGE_STANDARD = gnu99;
				GCC_DYNAMIC_NO_PIC = NO;
				GCC_NO_COMMON_BLOCKS = YES;
				GCC_OPTIMIZATION_LEVEL = 0;
				GCC_PREPROCESSOR_DEFINITIONS = (
					"DEBUG=1",
					"$(inherited)",
				);
				GCC_WARN_64_TO_32_BIT_CONVERSION = YES;
				GCC_WARN_ABOUT_RETURN_TYPE = YES_ERROR;
				GCC_WARN_UNDECLARED_SELECTOR = YES;
				GCC_WARN_UNINITIALIZED_AUTOS = YES_AGGRESSIVE;
				GCC_WARN_UNUSED_FUNCTION = YES;
				GCC_WARN_UNUSED_VARIABLE = YES;
				IPHONEOS_DEPLOYMENT_TARGET = 11.0;
				MTL_ENABLE_DEBUG_INFO = YES;
				ONLY_ACTIVE_ARCH = YES;
				SDKROOT = iphoneos;
				SWIFT_ACTIVE_COMPILATION_CONDITIONS = DEBUG;
				SWIFT_OPTIMIZATION_LEVEL = "-Onone";
			};
			name = Debug;
		};
		5287CA431EDCF91E00E71CE8 /* Release */ = {
			isa = XCBuildConfiguration;
			buildSettings = {
				ALWAYS_SEARCH_USER_PATHS = NO;
				CLANG_ANALYZER_NONNULL = YES;
				CLANG_ANALYZER_NUMBER_OBJECT_CONVERSION = YES_AGGRESSIVE;
				CLANG_CXX_LANGUAGE_STANDARD = "gnu++0x";
				CLANG_CXX_LIBRARY = "libc++";
				CLANG_ENABLE_MODULES = YES;
				CLANG_ENABLE_OBJC_ARC = YES;
				CLANG_WARN_BLOCK_CAPTURE_AUTORELEASING = YES;
				CLANG_WARN_BOOL_CONVERSION = YES;
				CLANG_WARN_COMMA = YES;
				CLANG_WARN_CONSTANT_CONVERSION = YES;
				CLANG_WARN_DIRECT_OBJC_ISA_USAGE = YES_ERROR;
				CLANG_WARN_DOCUMENTATION_COMMENTS = YES;
				CLANG_WARN_EMPTY_BODY = YES;
				CLANG_WARN_ENUM_CONVERSION = YES;
				CLANG_WARN_INFINITE_RECURSION = YES;
				CLANG_WARN_INT_CONVERSION = YES;
				CLANG_WARN_NON_LITERAL_NULL_CONVERSION = YES;
				CLANG_WARN_OBJC_LITERAL_CONVERSION = YES;
				CLANG_WARN_OBJC_ROOT_CLASS = YES_ERROR;
				CLANG_WARN_RANGE_LOOP_ANALYSIS = YES;
				CLANG_WARN_STRICT_PROTOTYPES = YES;
				CLANG_WARN_SUSPICIOUS_MOVE = YES;
				CLANG_WARN_UNREACHABLE_CODE = YES;
				CLANG_WARN__DUPLICATE_METHOD_MATCH = YES;
				"CODE_SIGN_IDENTITY[sdk=iphoneos*]" = "iPhone Distribution";
				COPY_PHASE_STRIP = NO;
				DEVELOPMENT_TEAM = 68KS6FN57P;
				ENABLE_NS_ASSERTIONS = NO;
				ENABLE_STRICT_OBJC_MSGSEND = YES;
				FRAMEWORK_SEARCH_PATHS = "$(SRCROOT)/Carthage/Build/iOS/";
				GCC_C_LANGUAGE_STANDARD = gnu99;
				GCC_NO_COMMON_BLOCKS = YES;
				GCC_WARN_64_TO_32_BIT_CONVERSION = YES;
				GCC_WARN_ABOUT_RETURN_TYPE = YES_ERROR;
				GCC_WARN_UNDECLARED_SELECTOR = YES;
				GCC_WARN_UNINITIALIZED_AUTOS = YES_AGGRESSIVE;
				GCC_WARN_UNUSED_FUNCTION = YES;
				GCC_WARN_UNUSED_VARIABLE = YES;
				IPHONEOS_DEPLOYMENT_TARGET = 11.0;
				MTL_ENABLE_DEBUG_INFO = NO;
				SDKROOT = iphoneos;
				SWIFT_OPTIMIZATION_LEVEL = "-Owholemodule";
				VALIDATE_PRODUCT = YES;
			};
			name = Release;
		};
		5287CA451EDCF91E00E71CE8 /* Debug */ = {
			isa = XCBuildConfiguration;
			baseConfigurationReference = 52E1AD8D1F8A871B00CA3694 /* Warnings.xcconfig */;
			buildSettings = {
				ASSETCATALOG_COMPILER_APPICON_NAME = AppIcon;
				FRAMEWORK_SEARCH_PATHS = (
					"$(inherited)",
					"$(PROJECT_DIR)",
					"$(PROJECT_DIR)/Carthage/Build/iOS",
				);
				INFOPLIST_FILE = WorkWeek/Info.plist;
				LD_RUNPATH_SEARCH_PATHS = "$(inherited) @executable_path/Frameworks";
				OTHER_SWIFT_FLAGS = "-Xfrontend -warn-long-function-bodies=200";
				PRODUCT_BUNDLE_IDENTIFIER = "com.sparkappstudio.workweek-dev";
				PRODUCT_NAME = "$(TARGET_NAME)";
				PROVISIONING_PROFILE_SPECIFIER = "Work Week Development Profile";
				SWIFT_VERSION = 4.0;
			};
			name = Debug;
		};
		5287CA461EDCF91E00E71CE8 /* Release */ = {
			isa = XCBuildConfiguration;
			buildSettings = {
				ASSETCATALOG_COMPILER_APPICON_NAME = AppIcon;
				FRAMEWORK_SEARCH_PATHS = (
					"$(inherited)",
					"$(PROJECT_DIR)",
					"$(PROJECT_DIR)/Carthage/Build/iOS",
				);
				INFOPLIST_FILE = WorkWeek/Info.plist;
				LD_RUNPATH_SEARCH_PATHS = "$(inherited) @executable_path/Frameworks";
				OTHER_SWIFT_FLAGS = "-Xfrontend -warn-long-function-bodies=200";
				PRODUCT_BUNDLE_IDENTIFIER = "com.sparkappstudio.workweek-dev";
				PRODUCT_NAME = "$(TARGET_NAME)";
				PROVISIONING_PROFILE_SPECIFIER = "Spark - WorkWeek-Dev-AdHoc";
				SWIFT_VERSION = 4.0;
			};
			name = Release;
		};
		52E1FFE61F3813A80091C1CB /* Debug */ = {
			isa = XCBuildConfiguration;
			baseConfigurationReference = 52E1AD8D1F8A871B00CA3694 /* Warnings.xcconfig */;
			buildSettings = {
				BUNDLE_LOADER = "$(TEST_HOST)";
				DEBUG_INFORMATION_FORMAT = dwarf;
				INFOPLIST_FILE = WorkWeekTests/Info.plist;
				LD_RUNPATH_SEARCH_PATHS = "$(inherited) @executable_path/Frameworks @loader_path/Frameworks";
				PRODUCT_BUNDLE_IDENTIFIER = com.SparkAppStudio.WorkWeekTests;
				PRODUCT_NAME = "$(TARGET_NAME)";
				SWIFT_VERSION = 4.0;
				TEST_HOST = "$(BUILT_PRODUCTS_DIR)/WorkWeek.app/WorkWeek";
			};
			name = Debug;
		};
		52E1FFE71F3813A80091C1CB /* Release */ = {
			isa = XCBuildConfiguration;
			buildSettings = {
				BUNDLE_LOADER = "$(TEST_HOST)";
				DEBUG_INFORMATION_FORMAT = "dwarf-with-dsym";
				INFOPLIST_FILE = WorkWeekTests/Info.plist;
				LD_RUNPATH_SEARCH_PATHS = "$(inherited) @executable_path/Frameworks @loader_path/Frameworks";
				PRODUCT_BUNDLE_IDENTIFIER = com.SparkAppStudio.WorkWeekTests;
				PRODUCT_NAME = "$(TARGET_NAME)";
				SWIFT_VERSION = 4.0;
				TEST_HOST = "$(BUILT_PRODUCTS_DIR)/WorkWeek.app/WorkWeek";
			};
			name = Release;
		};
/* End XCBuildConfiguration section */

/* Begin XCConfigurationList section */
		5287CA2D1EDCF91E00E71CE8 /* Build configuration list for PBXProject "WorkWeek" */ = {
			isa = XCConfigurationList;
			buildConfigurations = (
				5287CA421EDCF91E00E71CE8 /* Debug */,
				5287CA431EDCF91E00E71CE8 /* Release */,
			);
			defaultConfigurationIsVisible = 0;
			defaultConfigurationName = Release;
		};
		5287CA441EDCF91E00E71CE8 /* Build configuration list for PBXNativeTarget "WorkWeek" */ = {
			isa = XCConfigurationList;
			buildConfigurations = (
				5287CA451EDCF91E00E71CE8 /* Debug */,
				5287CA461EDCF91E00E71CE8 /* Release */,
			);
			defaultConfigurationIsVisible = 0;
			defaultConfigurationName = Release;
		};
		52E1FFE81F3813A80091C1CB /* Build configuration list for PBXNativeTarget "WorkWeekTests" */ = {
			isa = XCConfigurationList;
			buildConfigurations = (
				52E1FFE61F3813A80091C1CB /* Debug */,
				52E1FFE71F3813A80091C1CB /* Release */,
			);
			defaultConfigurationIsVisible = 0;
			defaultConfigurationName = Release;
		};
/* End XCConfigurationList section */
	};
	rootObject = 5287CA2A1EDCF91E00E71CE8 /* Project object */;
}
